
Microsoft Visual Studio Solution File, Format Version 12.00
# Visual Studio Version 16
VisualStudioVersion = 16.0.31727.386
MinimumVisualStudioVersion = 10.0.40219.1
Project("{FAE04EC0-301F-11D3-BF4B-00C04F79EFBC}") = "JSExecutor", "JSExecutor.csproj", "{FC2CE25B-0870-4469-BABA-3517EAC98929}"
EndProject
Global
	GlobalSection(SolutionConfigurationPlatforms) = preSolution
		Debug|Any CPU = Debug|Any CPU
		Release|Any CPU = Release|Any CPU
	EndGlobalSection
	GlobalSection(ProjectConfigurationPlatforms) = postSolution
		{FC2CE25B-0870-4469-BABA-3517EAC98929}.Debug|Any CPU.ActiveCfg = Debug|Any CPU
		{FC2CE25B-0870-4469-BABA-3517EAC98929}.Debug|Any CPU.Build.0 = Debug|Any CPU
		{FC2CE25B-0870-4469-BABA-3517EAC98929}.Release|Any CPU.ActiveCfg = Release|Any CPU
		{FC2CE25B-0870-4469-BABA-3517EAC98929}.Release|Any CPU.Build.0 = Release|Any CPU
	EndGlobalSection
	GlobalSection(SolutionProperties) = preSolution
		HideSolutionNode = FALSE
	EndGlobalSection
	GlobalSection(ExtensibilityGlobals) = postSolution
		SolutionGuid = {CFFE888D-6B42-45C0-B402-8753D4CBC628}
	EndGlobalSection
EndGlobal
