
Microsoft Visual Studio Solution File, Format Version 12.00
# Visual Studio Version 16
VisualStudioVersion = 16.0.31727.386
MinimumVisualStudioVersion = 10.0.40219.1
Project("{FAE04EC0-301F-11D3-BF4B-00C04F79EFBC}") = "Locators", "Locators.csproj", "{DEFF17CE-A176-4055-A14C-A52F113355FC}"
EndProject
Global
	GlobalSection(SolutionConfigurationPlatforms) = preSolution
		Debug|Any CPU = Debug|Any CPU
		Release|Any CPU = Release|Any CPU
	EndGlobalSection
	GlobalSection(ProjectConfigurationPlatforms) = postSolution
		{DEFF17CE-A176-4055-A14C-A52F113355FC}.Debug|Any CPU.ActiveCfg = Debug|Any CPU
		{DEFF17CE-A176-4055-A14C-A52F113355FC}.Debug|Any CPU.Build.0 = Debug|Any CPU
		{DEFF17CE-A176-4055-A14C-A52F113355FC}.Release|Any CPU.ActiveCfg = Release|Any CPU
		{DEFF17CE-A176-4055-A14C-A52F113355FC}.Release|Any CPU.Build.0 = Release|Any CPU
	EndGlobalSection
	GlobalSection(SolutionProperties) = preSolution
		HideSolutionNode = FALSE
	EndGlobalSection
	GlobalSection(ExtensibilityGlobals) = postSolution
		SolutionGuid = {885F15B7-5D3D-43C8-9E97-15A0CB33A6BA}
	EndGlobalSection
EndGlobal
