
Microsoft Visual Studio Solution File, Format Version 12.00
# Visual Studio Version 16
VisualStudioVersion = 16.0.31727.386
MinimumVisualStudioVersion = 10.0.40219.1
Project("{FAE04EC0-301F-11D3-BF4B-00C04F79EFBC}") = "ConsoleApp1", "ConsoleApp1\ConsoleApp1.csproj", "{35D01EBB-D669-48DE-A055-F2E8C6BB614D}"
EndProject
Global
	GlobalSection(SolutionConfigurationPlatforms) = preSolution
		Debug|Any CPU = Debug|Any CPU
		Release|Any CPU = Release|Any CPU
	EndGlobalSection
	GlobalSection(ProjectConfigurationPlatforms) = postSolution
		{35D01EBB-D669-48DE-A055-F2E8C6BB614D}.Debug|Any CPU.ActiveCfg = Debug|Any CPU
		{35D01EBB-D669-48DE-A055-F2E8C6BB614D}.Debug|Any CPU.Build.0 = Debug|Any CPU
		{35D01EBB-D669-48DE-A055-F2E8C6BB614D}.Release|Any CPU.ActiveCfg = Release|Any CPU
		{35D01EBB-D669-48DE-A055-F2E8C6BB614D}.Release|Any CPU.Build.0 = Release|Any CPU
	EndGlobalSection
	GlobalSection(SolutionProperties) = preSolution
		HideSolutionNode = FALSE
	EndGlobalSection
	GlobalSection(ExtensibilityGlobals) = postSolution
		SolutionGuid = {0266BF2B-C903-42A7-909A-C1A9D6A73AA1}
	EndGlobalSection
EndGlobal
